# THIS IS AN AUTOGENERATED FILE. DO NOT EDIT THIS FILE DIRECTLY.
# yarn lockfile v1


"@types/marked@^0.6.5":
  version "0.6.5"
  resolved "https://registry.yarnpkg.com/@types/marked/-/marked-0.6.5.tgz#3cf2a56ef615dad24aaf99784ef90a9eba4e29d8"
  integrity sha512-6kBKf64aVfx93UJrcyEZ+OBM5nGv4RLsI6sR1Ar34bpgvGVRoyTgpxn4ZmtxOM5aDTAaaznYuYUH8bUX3Nk3YA==

"@types/node@^10.5.6":
  version "10.14.22"
  resolved "https://registry.yarnpkg.com/@types/node/-/node-10.14.22.tgz#34bcdf6b6cb5fc0db33d24816ad9d3ece22feea4"
  integrity sha512-9taxKC944BqoTVjE+UT3pQH0nHZlTvITwfsOZqyc+R3sfJuxaTtxWjfn1K2UlxyPcKHf0rnaXcVFrS9F9vf0bw==

marked@0.3.18:
  version "0.3.18"
  resolved "https://registry.yarnpkg.com/marked/-/marked-0.3.18.tgz#3ef058cd926101849b92a7a7c15db18c7fc76b2f"
  integrity sha512-49i2QYhfULqaXzNZpxC808PisuCTGT2fgG0zrzdCI9N3rIfAWfW0nggvbXr6zvpynZdOG5+9xNxdzP0kwZnERw==
