# THIS IS AN AUTOGENERATED FILE. DO NOT EDIT THIS FILE DIRECTLY.
# yarn lockfile v1


"@types/node@^10.5.6":
  version "10.17.2"
  resolved "https://registry.yarnpkg.com/@types/node/-/node-10.17.2.tgz#41b5afbcde1a5a805302a4da3cf399499f1bbf64"
  integrity sha512-sAh60KDol+MpwOr1RTK0+HgBEYejKsxdpmrOS1Wts5bI03dLzq8F7T0sRXDKeaEK8iWDlGfdzxrzg6vx/c5pNA==

entities@^1.1.1:
  version "1.1.2"
  resolved "https://registry.yarnpkg.com/entities/-/entities-1.1.2.tgz#bdfa735299664dfafd34529ed4f8522a275fea56"
  integrity sha512-f2LZMYl1Fzu7YSBKg+RoROelpOaNrcGmE9AZubeDfrCEia483oW4MI4VyFd5VNHIgQ/7qm1I0wUHK1eJnn2y2w==

whisk@^1.0.0:
  version "1.4.0"
  resolved "https://registry.yarnpkg.com/whisk/-/whisk-1.4.0.tgz#c3fe50b0f585ba73d5915da477c6735c135e8811"
  integrity sha512-uh4+hibHa+HxUTUwpP9iiAgyniVB4UBbI6QK2feiv1U9t6PSS32hl/xeAmf0RZhHKXVn3nnNQiju1RzBYVclCg==
